
Microsoft Visual Studio Solution File, Format Version 12.00
# Visual Studio 14
VisualStudioVersion = 14.0.24720.0
MinimumVisualStudioVersion = 10.0.40219.1
Project("{2150E333-8FDC-42A3-9474-1A3956D46DE8}") = "UI", "UI", "{E589DDBD-24B8-4231-82FC-BA80B30CB409}"
EndProject
Project("{FAE04EC0-301F-11D3-BF4B-00C04F79EFBC}") = "Model", "UI\Model\Model.csproj", "{3E869BC7-1618-4F6C-AAFD-F31F9721D867}"
EndProject
Project("{FAE04EC0-301F-11D3-BF4B-00C04F79EFBC}") = "ViewModel", "UI\ViewModel\ViewModel.csproj", "{8BD04877-A236-46CB-885F-C32C336A7AF9}"
EndProject
Project("{FAE04EC0-301F-11D3-BF4B-00C04F79EFBC}") = "View", "UI\View\View.csproj", "{5D7A57F1-3104-482E-A27C-3BB14DE5DAA9}"
EndProject
Project("{FAE04EC0-301F-11D3-BF4B-00C04F79EFBC}") = "Tools.Model", "UI\Tools.Model\Tools.Model.csproj", "{3A7F4D34-0CE3-4261-8516-55C8FF582C0E}"
EndProject
Project("{FAE04EC0-301F-11D3-BF4B-00C04F79EFBC}") = "Tools.View", "UI\Tools.View\Tools.View.csproj", "{F10C24DE-2D61-4BCD-902F-9F79CF3A6DF8}"
EndProject
Project("{FAE04EC0-301F-11D3-BF4B-00C04F79EFBC}") = "Runner", "UI\Runner\Runner.csproj", "{E82C9D42-2F1A-4E41-89D7-766025AC7C59}"
EndProject
Project("{2150E333-8FDC-42A3-9474-1A3956D46DE8}") = "Service", "Service", "{9FF7132B-9572-42B6-87E3-3C163ED682E8}"
EndProject
Project("{FAE04EC0-301F-11D3-BF4B-00C04F79EFBC}") = "Model.Interface", "Service\Model.Interface\Model.Interface.csproj", "{A44B0D85-4C92-46C5-847B-4801A999E52B}"
EndProject
Project("{FAE04EC0-301F-11D3-BF4B-00C04F79EFBC}") = "Model.Fake", "Service\Model.Fake\Model.Fake.csproj", "{BA5F8A25-D1C9-4801-A408-0F6650AFFC27}"
EndProject
Project("{FAE04EC0-301F-11D3-BF4B-00C04F79EFBC}") = "Host", "Service\Host\Host.csproj", "{742159A8-ACE5-4891-B89C-3638593F0432}"
EndProject
Global
	GlobalSection(SolutionConfigurationPlatforms) = preSolution
		Debug|Any CPU = Debug|Any CPU
		Release|Any CPU = Release|Any CPU
	EndGlobalSection
	GlobalSection(ProjectConfigurationPlatforms) = postSolution
		{3E869BC7-1618-4F6C-AAFD-F31F9721D867}.Debug|Any CPU.ActiveCfg = Debug|Any CPU
		{3E869BC7-1618-4F6C-AAFD-F31F9721D867}.Debug|Any CPU.Build.0 = Debug|Any CPU
		{3E869BC7-1618-4F6C-AAFD-F31F9721D867}.Release|Any CPU.ActiveCfg = Release|Any CPU
		{3E869BC7-1618-4F6C-AAFD-F31F9721D867}.Release|Any CPU.Build.0 = Release|Any CPU
		{8BD04877-A236-46CB-885F-C32C336A7AF9}.Debug|Any CPU.ActiveCfg = Debug|Any CPU
		{8BD04877-A236-46CB-885F-C32C336A7AF9}.Debug|Any CPU.Build.0 = Debug|Any CPU
		{8BD04877-A236-46CB-885F-C32C336A7AF9}.Release|Any CPU.ActiveCfg = Release|Any CPU
		{8BD04877-A236-46CB-885F-C32C336A7AF9}.Release|Any CPU.Build.0 = Release|Any CPU
		{5D7A57F1-3104-482E-A27C-3BB14DE5DAA9}.Debug|Any CPU.ActiveCfg = Debug|Any CPU
		{5D7A57F1-3104-482E-A27C-3BB14DE5DAA9}.Debug|Any CPU.Build.0 = Debug|Any CPU
		{5D7A57F1-3104-482E-A27C-3BB14DE5DAA9}.Release|Any CPU.ActiveCfg = Release|Any CPU
		{5D7A57F1-3104-482E-A27C-3BB14DE5DAA9}.Release|Any CPU.Build.0 = Release|Any CPU
		{3A7F4D34-0CE3-4261-8516-55C8FF582C0E}.Debug|Any CPU.ActiveCfg = Debug|Any CPU
		{3A7F4D34-0CE3-4261-8516-55C8FF582C0E}.Debug|Any CPU.Build.0 = Debug|Any CPU
		{3A7F4D34-0CE3-4261-8516-55C8FF582C0E}.Release|Any CPU.ActiveCfg = Release|Any CPU
		{3A7F4D34-0CE3-4261-8516-55C8FF582C0E}.Release|Any CPU.Build.0 = Release|Any CPU
		{F10C24DE-2D61-4BCD-902F-9F79CF3A6DF8}.Debug|Any CPU.ActiveCfg = Debug|Any CPU
		{F10C24DE-2D61-4BCD-902F-9F79CF3A6DF8}.Debug|Any CPU.Build.0 = Debug|Any CPU
		{F10C24DE-2D61-4BCD-902F-9F79CF3A6DF8}.Release|Any CPU.ActiveCfg = Release|Any CPU
		{F10C24DE-2D61-4BCD-902F-9F79CF3A6DF8}.Release|Any CPU.Build.0 = Release|Any CPU
		{E82C9D42-2F1A-4E41-89D7-766025AC7C59}.Debug|Any CPU.ActiveCfg = Debug|Any CPU
		{E82C9D42-2F1A-4E41-89D7-766025AC7C59}.Debug|Any CPU.Build.0 = Debug|Any CPU
		{E82C9D42-2F1A-4E41-89D7-766025AC7C59}.Release|Any CPU.ActiveCfg = Release|Any CPU
		{E82C9D42-2F1A-4E41-89D7-766025AC7C59}.Release|Any CPU.Build.0 = Release|Any CPU
		{A44B0D85-4C92-46C5-847B-4801A999E52B}.Debug|Any CPU.ActiveCfg = Debug|Any CPU
		{A44B0D85-4C92-46C5-847B-4801A999E52B}.Debug|Any CPU.Build.0 = Debug|Any CPU
		{A44B0D85-4C92-46C5-847B-4801A999E52B}.Release|Any CPU.ActiveCfg = Release|Any CPU
		{A44B0D85-4C92-46C5-847B-4801A999E52B}.Release|Any CPU.Build.0 = Release|Any CPU
		{BA5F8A25-D1C9-4801-A408-0F6650AFFC27}.Debug|Any CPU.ActiveCfg = Debug|Any CPU
		{BA5F8A25-D1C9-4801-A408-0F6650AFFC27}.Debug|Any CPU.Build.0 = Debug|Any CPU
		{BA5F8A25-D1C9-4801-A408-0F6650AFFC27}.Release|Any CPU.ActiveCfg = Release|Any CPU
		{BA5F8A25-D1C9-4801-A408-0F6650AFFC27}.Release|Any CPU.Build.0 = Release|Any CPU
		{742159A8-ACE5-4891-B89C-3638593F0432}.Debug|Any CPU.ActiveCfg = Debug|Any CPU
		{742159A8-ACE5-4891-B89C-3638593F0432}.Debug|Any CPU.Build.0 = Debug|Any CPU
		{742159A8-ACE5-4891-B89C-3638593F0432}.Release|Any CPU.ActiveCfg = Release|Any CPU
		{742159A8-ACE5-4891-B89C-3638593F0432}.Release|Any CPU.Build.0 = Release|Any CPU
	EndGlobalSection
	GlobalSection(SolutionProperties) = preSolution
		HideSolutionNode = FALSE
	EndGlobalSection
	GlobalSection(NestedProjects) = preSolution
		{3E869BC7-1618-4F6C-AAFD-F31F9721D867} = {E589DDBD-24B8-4231-82FC-BA80B30CB409}
		{8BD04877-A236-46CB-885F-C32C336A7AF9} = {E589DDBD-24B8-4231-82FC-BA80B30CB409}
		{5D7A57F1-3104-482E-A27C-3BB14DE5DAA9} = {E589DDBD-24B8-4231-82FC-BA80B30CB409}
		{3A7F4D34-0CE3-4261-8516-55C8FF582C0E} = {E589DDBD-24B8-4231-82FC-BA80B30CB409}
		{F10C24DE-2D61-4BCD-902F-9F79CF3A6DF8} = {E589DDBD-24B8-4231-82FC-BA80B30CB409}
		{E82C9D42-2F1A-4E41-89D7-766025AC7C59} = {E589DDBD-24B8-4231-82FC-BA80B30CB409}
		{A44B0D85-4C92-46C5-847B-4801A999E52B} = {9FF7132B-9572-42B6-87E3-3C163ED682E8}
		{BA5F8A25-D1C9-4801-A408-0F6650AFFC27} = {9FF7132B-9572-42B6-87E3-3C163ED682E8}
		{742159A8-ACE5-4891-B89C-3638593F0432} = {9FF7132B-9572-42B6-87E3-3C163ED682E8}
	EndGlobalSection
EndGlobal
